
Microsoft Visual Studio Solution File, Format Version 12.00
# Visual Studio Version 16
VisualStudioVersion = 16.0.31005.135
MinimumVisualStudioVersion = 10.0.40219.1
Project("{F184B08F-C81C-45F6-A57F-5ABD9991F28F}") = "PicasFijas", "PicasFijas.vbproj", "{8A5E5AB8-9BC0-400C-A814-789007F644D2}"
EndProject
Global
	GlobalSection(SolutionConfigurationPlatforms) = preSolution
		Debug|Any CPU = Debug|Any CPU
		Release|Any CPU = Release|Any CPU
	EndGlobalSection
	GlobalSection(ProjectConfigurationPlatforms) = postSolution
		{8A5E5AB8-9BC0-400C-A814-789007F644D2}.Debug|Any CPU.ActiveCfg = Debug|Any CPU
		{8A5E5AB8-9BC0-400C-A814-789007F644D2}.Debug|Any CPU.Build.0 = Debug|Any CPU
		{8A5E5AB8-9BC0-400C-A814-789007F644D2}.Release|Any CPU.ActiveCfg = Release|Any CPU
		{8A5E5AB8-9BC0-400C-A814-789007F644D2}.Release|Any CPU.Build.0 = Release|Any CPU
	EndGlobalSection
	GlobalSection(SolutionProperties) = preSolution
		HideSolutionNode = FALSE
	EndGlobalSection
	GlobalSection(ExtensibilityGlobals) = postSolution
		SolutionGuid = {745168B1-ABEB-4E64-9A9C-BB0EE2196F7F}
	EndGlobalSection
EndGlobal
